
Microsoft Visual Studio Solution File, Format Version 12.00
# Visual Studio Version 17
VisualStudioVersion = 17.0.31903.59
MinimumVisualStudioVersion = 10.0.40219.1
Project("{2150E333-8FDC-42A3-9474-1A3956D46DE8}") = "src", "src", "{827E0CD3-B72D-47B6-A68D-7590B98EB39B}"
EndProject
Project("{FAE04EC0-301F-11D3-BF4B-00C04F79EFBC}") = "EduPlayKids.Domain", "src\EduPlayKids.Domain\EduPlayKids.Domain.csproj", "{3B5CFCE5-3E5F-4717-B4D2-FBA3A42133A7}"
EndProject
Project("{FAE04EC0-301F-11D3-BF4B-00C04F79EFBC}") = "EduPlayKids.Application", "src\EduPlayKids.Application\EduPlayKids.Application.csproj", "{E5E2ABED-EEFB-4080-9C42-0966DBE039CC}"
EndProject
Project("{FAE04EC0-301F-11D3-BF4B-00C04F79EFBC}") = "EduPlayKids.Infrastructure", "src\EduPlayKids.Infrastructure\EduPlayKids.Infrastructure.csproj", "{8D28DE1E-54DE-4BA5-94B0-D8CD6665CC5E}"
EndProject
Project("{FAE04EC0-301F-11D3-BF4B-00C04F79EFBC}") = "EduPlayKids.App", "src\EduPlayKids.Presentation\EduPlayKids.App.csproj", "{0F3D126A-CF24-404D-AB27-23B693169EC1}"
EndProject
Project("{2150E333-8FDC-42A3-9474-1A3956D46DE8}") = "tests", "tests", "{0AB3BF05-4346-4AA6-1389-037BE0695223}"
EndProject
Project("{FAE04EC0-301F-11D3-BF4B-00C04F79EFBC}") = "EduPlayKids.Tests.Unit", "tests\EduPlayKids.Tests.Unit\EduPlayKids.Tests.Unit.csproj", "{086D0C9F-8328-4A9D-8E64-6428475E95A5}"
EndProject
Project("{FAE04EC0-301F-11D3-BF4B-00C04F79EFBC}") = "EduPlayKids.Tests.Integration", "tests\EduPlayKids.Tests.Integration\EduPlayKids.Tests.Integration.csproj", "{D46C173B-FCB1-4616-8E40-1C2D082236F6}"
EndProject
Project("{FAE04EC0-301F-11D3-BF4B-00C04F79EFBC}") = "EduPlayKids.Tests.ChildUsability", "tests\EduPlayKids.Tests.ChildUsability\EduPlayKids.Tests.ChildUsability.csproj", "{5C1607A3-6F77-40F6-9DA0-23CC064198F3}"
EndProject
Global
	GlobalSection(SolutionConfigurationPlatforms) = preSolution
		Debug|Any CPU = Debug|Any CPU
		Debug|x64 = Debug|x64
		Debug|x86 = Debug|x86
		Release|Any CPU = Release|Any CPU
		Release|x64 = Release|x64
		Release|x86 = Release|x86
	EndGlobalSection
	GlobalSection(ProjectConfigurationPlatforms) = postSolution
		{3B5CFCE5-3E5F-4717-B4D2-FBA3A42133A7}.Debug|Any CPU.ActiveCfg = Debug|Any CPU
		{3B5CFCE5-3E5F-4717-B4D2-FBA3A42133A7}.Debug|Any CPU.Build.0 = Debug|Any CPU
		{3B5CFCE5-3E5F-4717-B4D2-FBA3A42133A7}.Debug|x64.ActiveCfg = Debug|Any CPU
		{3B5CFCE5-3E5F-4717-B4D2-FBA3A42133A7}.Debug|x64.Build.0 = Debug|Any CPU
		{3B5CFCE5-3E5F-4717-B4D2-FBA3A42133A7}.Debug|x86.ActiveCfg = Debug|Any CPU
		{3B5CFCE5-3E5F-4717-B4D2-FBA3A42133A7}.Debug|x86.Build.0 = Debug|Any CPU
		{3B5CFCE5-3E5F-4717-B4D2-FBA3A42133A7}.Release|Any CPU.ActiveCfg = Release|Any CPU
		{3B5CFCE5-3E5F-4717-B4D2-FBA3A42133A7}.Release|Any CPU.Build.0 = Release|Any CPU
		{3B5CFCE5-3E5F-4717-B4D2-FBA3A42133A7}.Release|x64.ActiveCfg = Release|Any CPU
		{3B5CFCE5-3E5F-4717-B4D2-FBA3A42133A7}.Release|x64.Build.0 = Release|Any CPU
		{3B5CFCE5-3E5F-4717-B4D2-FBA3A42133A7}.Release|x86.ActiveCfg = Release|Any CPU
		{3B5CFCE5-3E5F-4717-B4D2-FBA3A42133A7}.Release|x86.Build.0 = Release|Any CPU
		{E5E2ABED-EEFB-4080-9C42-0966DBE039CC}.Debug|Any CPU.ActiveCfg = Debug|Any CPU
		{E5E2ABED-EEFB-4080-9C42-0966DBE039CC}.Debug|Any CPU.Build.0 = Debug|Any CPU
		{E5E2ABED-EEFB-4080-9C42-0966DBE039CC}.Debug|x64.ActiveCfg = Debug|Any CPU
		{E5E2ABED-EEFB-4080-9C42-0966DBE039CC}.Debug|x64.Build.0 = Debug|Any CPU
		{E5E2ABED-EEFB-4080-9C42-0966DBE039CC}.Debug|x86.ActiveCfg = Debug|Any CPU
		{E5E2ABED-EEFB-4080-9C42-0966DBE039CC}.Debug|x86.Build.0 = Debug|Any CPU
		{E5E2ABED-EEFB-4080-9C42-0966DBE039CC}.Release|Any CPU.ActiveCfg = Release|Any CPU
		{E5E2ABED-EEFB-4080-9C42-0966DBE039CC}.Release|Any CPU.Build.0 = Release|Any CPU
		{E5E2ABED-EEFB-4080-9C42-0966DBE039CC}.Release|x64.ActiveCfg = Release|Any CPU
		{E5E2ABED-EEFB-4080-9C42-0966DBE039CC}.Release|x64.Build.0 = Release|Any CPU
		{E5E2ABED-EEFB-4080-9C42-0966DBE039CC}.Release|x86.ActiveCfg = Release|Any CPU
		{E5E2ABED-EEFB-4080-9C42-0966DBE039CC}.Release|x86.Build.0 = Release|Any CPU
		{8D28DE1E-54DE-4BA5-94B0-D8CD6665CC5E}.Debug|Any CPU.ActiveCfg = Debug|Any CPU
		{8D28DE1E-54DE-4BA5-94B0-D8CD6665CC5E}.Debug|Any CPU.Build.0 = Debug|Any CPU
		{8D28DE1E-54DE-4BA5-94B0-D8CD6665CC5E}.Debug|x64.ActiveCfg = Debug|Any CPU
		{8D28DE1E-54DE-4BA5-94B0-D8CD6665CC5E}.Debug|x64.Build.0 = Debug|Any CPU
		{8D28DE1E-54DE-4BA5-94B0-D8CD6665CC5E}.Debug|x86.ActiveCfg = Debug|Any CPU
		{8D28DE1E-54DE-4BA5-94B0-D8CD6665CC5E}.Debug|x86.Build.0 = Debug|Any CPU
		{8D28DE1E-54DE-4BA5-94B0-D8CD6665CC5E}.Release|Any CPU.ActiveCfg = Release|Any CPU
		{8D28DE1E-54DE-4BA5-94B0-D8CD6665CC5E}.Release|Any CPU.Build.0 = Release|Any CPU
		{8D28DE1E-54DE-4BA5-94B0-D8CD6665CC5E}.Release|x64.ActiveCfg = Release|Any CPU
		{8D28DE1E-54DE-4BA5-94B0-D8CD6665CC5E}.Release|x64.Build.0 = Release|Any CPU
		{8D28DE1E-54DE-4BA5-94B0-D8CD6665CC5E}.Release|x86.ActiveCfg = Release|Any CPU
		{8D28DE1E-54DE-4BA5-94B0-D8CD6665CC5E}.Release|x86.Build.0 = Release|Any CPU
		{0F3D126A-CF24-404D-AB27-23B693169EC1}.Debug|Any CPU.ActiveCfg = Debug|Any CPU
		{0F3D126A-CF24-404D-AB27-23B693169EC1}.Debug|Any CPU.Build.0 = Debug|Any CPU
		{0F3D126A-CF24-404D-AB27-23B693169EC1}.Debug|x64.ActiveCfg = Debug|Any CPU
		{0F3D126A-CF24-404D-AB27-23B693169EC1}.Debug|x64.Build.0 = Debug|Any CPU
		{0F3D126A-CF24-404D-AB27-23B693169EC1}.Debug|x86.ActiveCfg = Debug|Any CPU
		{0F3D126A-CF24-404D-AB27-23B693169EC1}.Debug|x86.Build.0 = Debug|Any CPU
		{0F3D126A-CF24-404D-AB27-23B693169EC1}.Release|Any CPU.ActiveCfg = Release|Any CPU
		{0F3D126A-CF24-404D-AB27-23B693169EC1}.Release|Any CPU.Build.0 = Release|Any CPU
		{0F3D126A-CF24-404D-AB27-23B693169EC1}.Release|x64.ActiveCfg = Release|Any CPU
		{0F3D126A-CF24-404D-AB27-23B693169EC1}.Release|x64.Build.0 = Release|Any CPU
		{0F3D126A-CF24-404D-AB27-23B693169EC1}.Release|x86.ActiveCfg = Release|Any CPU
		{0F3D126A-CF24-404D-AB27-23B693169EC1}.Release|x86.Build.0 = Release|Any CPU
		{086D0C9F-8328-4A9D-8E64-6428475E95A5}.Debug|Any CPU.ActiveCfg = Debug|Any CPU
		{086D0C9F-8328-4A9D-8E64-6428475E95A5}.Debug|Any CPU.Build.0 = Debug|Any CPU
		{086D0C9F-8328-4A9D-8E64-6428475E95A5}.Debug|x64.ActiveCfg = Debug|Any CPU
		{086D0C9F-8328-4A9D-8E64-6428475E95A5}.Debug|x64.Build.0 = Debug|Any CPU
		{086D0C9F-8328-4A9D-8E64-6428475E95A5}.Debug|x86.ActiveCfg = Debug|Any CPU
		{086D0C9F-8328-4A9D-8E64-6428475E95A5}.Debug|x86.Build.0 = Debug|Any CPU
		{086D0C9F-8328-4A9D-8E64-6428475E95A5}.Release|Any CPU.ActiveCfg = Release|Any CPU
		{086D0C9F-8328-4A9D-8E64-6428475E95A5}.Release|Any CPU.Build.0 = Release|Any CPU
		{086D0C9F-8328-4A9D-8E64-6428475E95A5}.Release|x64.ActiveCfg = Release|Any CPU
		{086D0C9F-8328-4A9D-8E64-6428475E95A5}.Release|x64.Build.0 = Release|Any CPU
		{086D0C9F-8328-4A9D-8E64-6428475E95A5}.Release|x86.ActiveCfg = Release|Any CPU
		{086D0C9F-8328-4A9D-8E64-6428475E95A5}.Release|x86.Build.0 = Release|Any CPU
		{D46C173B-FCB1-4616-8E40-1C2D082236F6}.Debug|Any CPU.ActiveCfg = Debug|Any CPU
		{D46C173B-FCB1-4616-8E40-1C2D082236F6}.Debug|Any CPU.Build.0 = Debug|Any CPU
		{D46C173B-FCB1-4616-8E40-1C2D082236F6}.Debug|x64.ActiveCfg = Debug|Any CPU
		{D46C173B-FCB1-4616-8E40-1C2D082236F6}.Debug|x64.Build.0 = Debug|Any CPU
		{D46C173B-FCB1-4616-8E40-1C2D082236F6}.Debug|x86.ActiveCfg = Debug|Any CPU
		{D46C173B-FCB1-4616-8E40-1C2D082236F6}.Debug|x86.Build.0 = Debug|Any CPU
		{D46C173B-FCB1-4616-8E40-1C2D082236F6}.Release|Any CPU.ActiveCfg = Release|Any CPU
		{D46C173B-FCB1-4616-8E40-1C2D082236F6}.Release|Any CPU.Build.0 = Release|Any CPU
		{D46C173B-FCB1-4616-8E40-1C2D082236F6}.Release|x64.ActiveCfg = Release|Any CPU
		{D46C173B-FCB1-4616-8E40-1C2D082236F6}.Release|x64.Build.0 = Release|Any CPU
		{D46C173B-FCB1-4616-8E40-1C2D082236F6}.Release|x86.ActiveCfg = Release|Any CPU
		{D46C173B-FCB1-4616-8E40-1C2D082236F6}.Release|x86.Build.0 = Release|Any CPU
		{5C1607A3-6F77-40F6-9DA0-23CC064198F3}.Debug|Any CPU.ActiveCfg = Debug|Any CPU
		{5C1607A3-6F77-40F6-9DA0-23CC064198F3}.Debug|Any CPU.Build.0 = Debug|Any CPU
		{5C1607A3-6F77-40F6-9DA0-23CC064198F3}.Debug|x64.ActiveCfg = Debug|Any CPU
		{5C1607A3-6F77-40F6-9DA0-23CC064198F3}.Debug|x64.Build.0 = Debug|Any CPU
		{5C1607A3-6F77-40F6-9DA0-23CC064198F3}.Debug|x86.ActiveCfg = Debug|Any CPU
		{5C1607A3-6F77-40F6-9DA0-23CC064198F3}.Debug|x86.Build.0 = Debug|Any CPU
		{5C1607A3-6F77-40F6-9DA0-23CC064198F3}.Release|Any CPU.ActiveCfg = Release|Any CPU
		{5C1607A3-6F77-40F6-9DA0-23CC064198F3}.Release|Any CPU.Build.0 = Release|Any CPU
		{5C1607A3-6F77-40F6-9DA0-23CC064198F3}.Release|x64.ActiveCfg = Release|Any CPU
		{5C1607A3-6F77-40F6-9DA0-23CC064198F3}.Release|x64.Build.0 = Release|Any CPU
		{5C1607A3-6F77-40F6-9DA0-23CC064198F3}.Release|x86.ActiveCfg = Release|Any CPU
		{5C1607A3-6F77-40F6-9DA0-23CC064198F3}.Release|x86.Build.0 = Release|Any CPU
	EndGlobalSection
	GlobalSection(SolutionProperties) = preSolution
		HideSolutionNode = FALSE
	EndGlobalSection
	GlobalSection(NestedProjects) = preSolution
		{3B5CFCE5-3E5F-4717-B4D2-FBA3A42133A7} = {827E0CD3-B72D-47B6-A68D-7590B98EB39B}
		{E5E2ABED-EEFB-4080-9C42-0966DBE039CC} = {827E0CD3-B72D-47B6-A68D-7590B98EB39B}
		{8D28DE1E-54DE-4BA5-94B0-D8CD6665CC5E} = {827E0CD3-B72D-47B6-A68D-7590B98EB39B}
		{0F3D126A-CF24-404D-AB27-23B693169EC1} = {827E0CD3-B72D-47B6-A68D-7590B98EB39B}
		{086D0C9F-8328-4A9D-8E64-6428475E95A5} = {0AB3BF05-4346-4AA6-1389-037BE0695223}
		{D46C173B-FCB1-4616-8E40-1C2D082236F6} = {0AB3BF05-4346-4AA6-1389-037BE0695223}
		{5C1607A3-6F77-40F6-9DA0-23CC064198F3} = {0AB3BF05-4346-4AA6-1389-037BE0695223}
	EndGlobalSection
EndGlobal
